
Microsoft Visual Studio Solution File, Format Version 12.00
# Visual Studio 2013
VisualStudioVersion = 12.0.21005.1
MinimumVisualStudioVersion = 10.0.40219.1
Project("{8BC9CEB8-8B4A-11D0-8D11-00A0C91BC942}") = "FinalProject_InfoSecurity", "FinalProject_InfoSecurity\FinalProject_InfoSecurity.vcxproj", "{BCDAE1E7-53D5-4B3B-9C0A-EE987C7DAFD1}"
EndProject
Global
	GlobalSection(SolutionConfigurationPlatforms) = preSolution
		Debug|Win32 = Debug|Win32
		Release|Win32 = Release|Win32
	EndGlobalSection
	GlobalSection(ProjectConfigurationPlatforms) = postSolution
		{BCDAE1E7-53D5-4B3B-9C0A-EE987C7DAFD1}.Debug|Win32.ActiveCfg = Debug|Win32
		{BCDAE1E7-53D5-4B3B-9C0A-EE987C7DAFD1}.Debug|Win32.Build.0 = Debug|Win32
		{BCDAE1E7-53D5-4B3B-9C0A-EE987C7DAFD1}.Release|Win32.ActiveCfg = Release|Win32
		{BCDAE1E7-53D5-4B3B-9C0A-EE987C7DAFD1}.Release|Win32.Build.0 = Release|Win32
	EndGlobalSection
	GlobalSection(SolutionProperties) = preSolution
		HideSolutionNode = FALSE
	EndGlobalSection
EndGlobal
